
Microsoft Visual Studio Solution File, Format Version 12.00
# Visual Studio 2013
VisualStudioVersion = 12.0.40629.0
MinimumVisualStudioVersion = 10.0.40219.1
Project("{FAE04EC0-301F-11D3-BF4B-00C04F79EFBC}") = "NumberSpiralDiagonals", "NumberSpiralDiagonals\NumberSpiralDiagonals.csproj", "{78D60102-4F17-4AD2-82CE-992DB2772E7A}"
EndProject
Project("{FAE04EC0-301F-11D3-BF4B-00C04F79EFBC}") = "Tests", "Tests\Tests.csproj", "{B17285BC-7142-4FA7-B572-650852815465}"
EndProject
Global
	GlobalSection(SolutionConfigurationPlatforms) = preSolution
		Debug|Any CPU = Debug|Any CPU
		Release|Any CPU = Release|Any CPU
	EndGlobalSection
	GlobalSection(ProjectConfigurationPlatforms) = postSolution
		{78D60102-4F17-4AD2-82CE-992DB2772E7A}.Debug|Any CPU.ActiveCfg = Debug|Any CPU
		{78D60102-4F17-4AD2-82CE-992DB2772E7A}.Debug|Any CPU.Build.0 = Debug|Any CPU
		{78D60102-4F17-4AD2-82CE-992DB2772E7A}.Release|Any CPU.ActiveCfg = Release|Any CPU
		{78D60102-4F17-4AD2-82CE-992DB2772E7A}.Release|Any CPU.Build.0 = Release|Any CPU
		{B17285BC-7142-4FA7-B572-650852815465}.Debug|Any CPU.ActiveCfg = Debug|Any CPU
		{B17285BC-7142-4FA7-B572-650852815465}.Debug|Any CPU.Build.0 = Debug|Any CPU
		{B17285BC-7142-4FA7-B572-650852815465}.Release|Any CPU.ActiveCfg = Release|Any CPU
		{B17285BC-7142-4FA7-B572-650852815465}.Release|Any CPU.Build.0 = Release|Any CPU
	EndGlobalSection
	GlobalSection(SolutionProperties) = preSolution
		HideSolutionNode = FALSE
	EndGlobalSection
EndGlobal
