
Microsoft Visual Studio Solution File, Format Version 12.00
# Visual Studio 2013
VisualStudioVersion = 12.0.40629.0
MinimumVisualStudioVersion = 10.0.40219.1
Project("{FAE04EC0-301F-11D3-BF4B-00C04F79EFBC}") = "ReciprocalCycles", "ReciprocalCycles\ReciprocalCycles.csproj", "{15FE134B-F15A-40B6-B727-BD98DB271720}"
EndProject
Project("{FAE04EC0-301F-11D3-BF4B-00C04F79EFBC}") = "Tests", "Tests\Tests.csproj", "{63612B4D-29AB-4F90-AEF6-B350DCAC1238}"
EndProject
Global
	GlobalSection(SolutionConfigurationPlatforms) = preSolution
		Debug|Any CPU = Debug|Any CPU
		Release|Any CPU = Release|Any CPU
	EndGlobalSection
	GlobalSection(ProjectConfigurationPlatforms) = postSolution
		{15FE134B-F15A-40B6-B727-BD98DB271720}.Debug|Any CPU.ActiveCfg = Debug|Any CPU
		{15FE134B-F15A-40B6-B727-BD98DB271720}.Debug|Any CPU.Build.0 = Debug|Any CPU
		{15FE134B-F15A-40B6-B727-BD98DB271720}.Release|Any CPU.ActiveCfg = Release|Any CPU
		{15FE134B-F15A-40B6-B727-BD98DB271720}.Release|Any CPU.Build.0 = Release|Any CPU
		{63612B4D-29AB-4F90-AEF6-B350DCAC1238}.Debug|Any CPU.ActiveCfg = Debug|Any CPU
		{63612B4D-29AB-4F90-AEF6-B350DCAC1238}.Debug|Any CPU.Build.0 = Debug|Any CPU
		{63612B4D-29AB-4F90-AEF6-B350DCAC1238}.Release|Any CPU.ActiveCfg = Release|Any CPU
		{63612B4D-29AB-4F90-AEF6-B350DCAC1238}.Release|Any CPU.Build.0 = Release|Any CPU
	EndGlobalSection
	GlobalSection(SolutionProperties) = preSolution
		HideSolutionNode = FALSE
	EndGlobalSection
EndGlobal
