
Microsoft Visual Studio Solution File, Format Version 12.00
# Visual Studio 2013
VisualStudioVersion = 12.0.21005.1
MinimumVisualStudioVersion = 10.0.40219.1
Project("{FAE04EC0-301F-11D3-BF4B-00C04F79EFBC}") = "LargeSum", "LargeSum\LargeSum.csproj", "{EE76A3F3-1417-4C10-A7C0-181296AEA07D}"
EndProject
Global
	GlobalSection(SolutionConfigurationPlatforms) = preSolution
		Debug|Any CPU = Debug|Any CPU
		Release|Any CPU = Release|Any CPU
	EndGlobalSection
	GlobalSection(ProjectConfigurationPlatforms) = postSolution
		{EE76A3F3-1417-4C10-A7C0-181296AEA07D}.Debug|Any CPU.ActiveCfg = Debug|Any CPU
		{EE76A3F3-1417-4C10-A7C0-181296AEA07D}.Debug|Any CPU.Build.0 = Debug|Any CPU
		{EE76A3F3-1417-4C10-A7C0-181296AEA07D}.Release|Any CPU.ActiveCfg = Release|Any CPU
		{EE76A3F3-1417-4C10-A7C0-181296AEA07D}.Release|Any CPU.Build.0 = Release|Any CPU
	EndGlobalSection
	GlobalSection(SolutionProperties) = preSolution
		HideSolutionNode = FALSE
	EndGlobalSection
EndGlobal
