
Microsoft Visual Studio Solution File, Format Version 12.00
# Visual Studio 2013
VisualStudioVersion = 12.0.40629.0
MinimumVisualStudioVersion = 10.0.40219.1
Project("{FAE04EC0-301F-11D3-BF4B-00C04F79EFBC}") = "PowerOfTwo", "PowerOfTwo\PowerOfTwo.csproj", "{B975629E-9E4C-4EB0-9A9B-28548FE408E0}"
EndProject
Project("{FAE04EC0-301F-11D3-BF4B-00C04F79EFBC}") = "Test", "Test\Test.csproj", "{3B1DAC19-74A2-4C8C-9D59-A40BD5E01E6C}"
EndProject
Global
	GlobalSection(SolutionConfigurationPlatforms) = preSolution
		Debug|Any CPU = Debug|Any CPU
		Release|Any CPU = Release|Any CPU
	EndGlobalSection
	GlobalSection(ProjectConfigurationPlatforms) = postSolution
		{B975629E-9E4C-4EB0-9A9B-28548FE408E0}.Debug|Any CPU.ActiveCfg = Debug|Any CPU
		{B975629E-9E4C-4EB0-9A9B-28548FE408E0}.Debug|Any CPU.Build.0 = Debug|Any CPU
		{B975629E-9E4C-4EB0-9A9B-28548FE408E0}.Release|Any CPU.ActiveCfg = Release|Any CPU
		{B975629E-9E4C-4EB0-9A9B-28548FE408E0}.Release|Any CPU.Build.0 = Release|Any CPU
		{3B1DAC19-74A2-4C8C-9D59-A40BD5E01E6C}.Debug|Any CPU.ActiveCfg = Debug|Any CPU
		{3B1DAC19-74A2-4C8C-9D59-A40BD5E01E6C}.Debug|Any CPU.Build.0 = Debug|Any CPU
		{3B1DAC19-74A2-4C8C-9D59-A40BD5E01E6C}.Release|Any CPU.ActiveCfg = Release|Any CPU
		{3B1DAC19-74A2-4C8C-9D59-A40BD5E01E6C}.Release|Any CPU.Build.0 = Release|Any CPU
	EndGlobalSection
	GlobalSection(SolutionProperties) = preSolution
		HideSolutionNode = FALSE
	EndGlobalSection
EndGlobal
