
Microsoft Visual Studio Solution File, Format Version 12.00
# Visual Studio 2013
VisualStudioVersion = 12.0.40629.0
MinimumVisualStudioVersion = 10.0.40219.1
Project("{FAE04EC0-301F-11D3-BF4B-00C04F79EFBC}") = "NumbersToWords", "NumbersToWords\NumbersToWords.csproj", "{D8921722-2B93-4E24-963C-5BA5B655A5AF}"
EndProject
Project("{FAE04EC0-301F-11D3-BF4B-00C04F79EFBC}") = "Tests", "Tests\Tests.csproj", "{02D48D2B-5DCF-47B4-B9AC-A45358FA21C8}"
EndProject
Global
	GlobalSection(SolutionConfigurationPlatforms) = preSolution
		Debug|Any CPU = Debug|Any CPU
		Release|Any CPU = Release|Any CPU
	EndGlobalSection
	GlobalSection(ProjectConfigurationPlatforms) = postSolution
		{D8921722-2B93-4E24-963C-5BA5B655A5AF}.Debug|Any CPU.ActiveCfg = Debug|Any CPU
		{D8921722-2B93-4E24-963C-5BA5B655A5AF}.Debug|Any CPU.Build.0 = Debug|Any CPU
		{D8921722-2B93-4E24-963C-5BA5B655A5AF}.Release|Any CPU.ActiveCfg = Release|Any CPU
		{D8921722-2B93-4E24-963C-5BA5B655A5AF}.Release|Any CPU.Build.0 = Release|Any CPU
		{02D48D2B-5DCF-47B4-B9AC-A45358FA21C8}.Debug|Any CPU.ActiveCfg = Debug|Any CPU
		{02D48D2B-5DCF-47B4-B9AC-A45358FA21C8}.Debug|Any CPU.Build.0 = Debug|Any CPU
		{02D48D2B-5DCF-47B4-B9AC-A45358FA21C8}.Release|Any CPU.ActiveCfg = Release|Any CPU
		{02D48D2B-5DCF-47B4-B9AC-A45358FA21C8}.Release|Any CPU.Build.0 = Release|Any CPU
	EndGlobalSection
	GlobalSection(SolutionProperties) = preSolution
		HideSolutionNode = FALSE
	EndGlobalSection
EndGlobal
