
Microsoft Visual Studio Solution File, Format Version 12.00
# Visual Studio 2013
VisualStudioVersion = 12.0.31101.0
MinimumVisualStudioVersion = 10.0.40219.1
Project("{FAE04EC0-301F-11D3-BF4B-00C04F79EFBC}") = "LargestPalindromProduct", "LargestPalindromProduct\LargestPalindromProduct.csproj", "{B6E2CCA9-AA79-45F0-BB4C-0DECD89ADE4F}"
EndProject
Global
	GlobalSection(SolutionConfigurationPlatforms) = preSolution
		Debug|Any CPU = Debug|Any CPU
		Release|Any CPU = Release|Any CPU
	EndGlobalSection
	GlobalSection(ProjectConfigurationPlatforms) = postSolution
		{B6E2CCA9-AA79-45F0-BB4C-0DECD89ADE4F}.Debug|Any CPU.ActiveCfg = Debug|Any CPU
		{B6E2CCA9-AA79-45F0-BB4C-0DECD89ADE4F}.Debug|Any CPU.Build.0 = Debug|Any CPU
		{B6E2CCA9-AA79-45F0-BB4C-0DECD89ADE4F}.Release|Any CPU.ActiveCfg = Release|Any CPU
		{B6E2CCA9-AA79-45F0-BB4C-0DECD89ADE4F}.Release|Any CPU.Build.0 = Release|Any CPU
	EndGlobalSection
	GlobalSection(SolutionProperties) = preSolution
		HideSolutionNode = FALSE
	EndGlobalSection
EndGlobal
