
Microsoft Visual Studio Solution File, Format Version 12.00
# Visual Studio 2013
VisualStudioVersion = 12.0.40629.0
MinimumVisualStudioVersion = 10.0.40219.1
Project("{FAE04EC0-301F-11D3-BF4B-00C04F79EFBC}") = "Abundant", "Abundant\Abundant.csproj", "{7531C496-C5AA-438E-8ECB-AE26CCBD8569}"
EndProject
Project("{FAE04EC0-301F-11D3-BF4B-00C04F79EFBC}") = "Test", "Test\Test.csproj", "{DC039C4F-899C-47B7-B319-8580906E428C}"
EndProject
Global
	GlobalSection(SolutionConfigurationPlatforms) = preSolution
		Debug|Any CPU = Debug|Any CPU
		Release|Any CPU = Release|Any CPU
	EndGlobalSection
	GlobalSection(ProjectConfigurationPlatforms) = postSolution
		{7531C496-C5AA-438E-8ECB-AE26CCBD8569}.Debug|Any CPU.ActiveCfg = Debug|Any CPU
		{7531C496-C5AA-438E-8ECB-AE26CCBD8569}.Debug|Any CPU.Build.0 = Debug|Any CPU
		{7531C496-C5AA-438E-8ECB-AE26CCBD8569}.Release|Any CPU.ActiveCfg = Release|Any CPU
		{7531C496-C5AA-438E-8ECB-AE26CCBD8569}.Release|Any CPU.Build.0 = Release|Any CPU
		{DC039C4F-899C-47B7-B319-8580906E428C}.Debug|Any CPU.ActiveCfg = Debug|Any CPU
		{DC039C4F-899C-47B7-B319-8580906E428C}.Debug|Any CPU.Build.0 = Debug|Any CPU
		{DC039C4F-899C-47B7-B319-8580906E428C}.Release|Any CPU.ActiveCfg = Release|Any CPU
		{DC039C4F-899C-47B7-B319-8580906E428C}.Release|Any CPU.Build.0 = Release|Any CPU
	EndGlobalSection
	GlobalSection(SolutionProperties) = preSolution
		HideSolutionNode = FALSE
	EndGlobalSection
EndGlobal
