
Microsoft Visual Studio Solution File, Format Version 12.00
# Visual Studio 2013
VisualStudioVersion = 12.0.40629.0
MinimumVisualStudioVersion = 10.0.40219.1
Project("{FAE04EC0-301F-11D3-BF4B-00C04F79EFBC}") = "NamesScores", "NamesScores\NamesScores.csproj", "{A5E46FE0-5879-40BD-8CE3-98E186F5153C}"
EndProject
Project("{FAE04EC0-301F-11D3-BF4B-00C04F79EFBC}") = "Test", "Test\Test.csproj", "{2AAA0CB3-1A59-4366-9A8E-709BD9049CB5}"
EndProject
Global
	GlobalSection(SolutionConfigurationPlatforms) = preSolution
		Debug|Any CPU = Debug|Any CPU
		Release|Any CPU = Release|Any CPU
	EndGlobalSection
	GlobalSection(ProjectConfigurationPlatforms) = postSolution
		{A5E46FE0-5879-40BD-8CE3-98E186F5153C}.Debug|Any CPU.ActiveCfg = Debug|Any CPU
		{A5E46FE0-5879-40BD-8CE3-98E186F5153C}.Debug|Any CPU.Build.0 = Debug|Any CPU
		{A5E46FE0-5879-40BD-8CE3-98E186F5153C}.Release|Any CPU.ActiveCfg = Release|Any CPU
		{A5E46FE0-5879-40BD-8CE3-98E186F5153C}.Release|Any CPU.Build.0 = Release|Any CPU
		{2AAA0CB3-1A59-4366-9A8E-709BD9049CB5}.Debug|Any CPU.ActiveCfg = Debug|Any CPU
		{2AAA0CB3-1A59-4366-9A8E-709BD9049CB5}.Debug|Any CPU.Build.0 = Debug|Any CPU
		{2AAA0CB3-1A59-4366-9A8E-709BD9049CB5}.Release|Any CPU.ActiveCfg = Release|Any CPU
		{2AAA0CB3-1A59-4366-9A8E-709BD9049CB5}.Release|Any CPU.Build.0 = Release|Any CPU
	EndGlobalSection
	GlobalSection(SolutionProperties) = preSolution
		HideSolutionNode = FALSE
	EndGlobalSection
EndGlobal
